
Microsoft Visual Studio Solution File, Format Version 12.00
# Visual Studio 15
VisualStudioVersion = 15.0.26430.14
MinimumVisualStudioVersion = 10.0.40219.1
Project("{8BC9CEB8-8B4A-11D0-8D11-00A0C91BC942}") = "exam1", "exam1\exam1.vcxproj", "{50455258-2B68-46D9-9875-C180AD975833}"
EndProject
Project("{8BC9CEB8-8B4A-11D0-8D11-00A0C91BC942}") = "exam2", "exam2\exam2.vcxproj", "{5C9DFB02-0980-4E5A-A157-0A5DD3B10E37}"
EndProject
Project("{8BC9CEB8-8B4A-11D0-8D11-00A0C91BC942}") = "exam3", "exam3\exam3.vcxproj", "{F93A7E4D-4E34-4277-8A53-22BFFCFDD9F1}"
EndProject
Project("{8BC9CEB8-8B4A-11D0-8D11-00A0C91BC942}") = "exam4", "exam4\exam4.vcxproj", "{72D8B0AB-3359-4C8C-BD8B-EAD5424AC847}"
EndProject
Project("{8BC9CEB8-8B4A-11D0-8D11-00A0C91BC942}") = "exam5", "exam5\exam5.vcxproj", "{AC6B88FD-34D8-46E8-9FDF-75F159510CDD}"
EndProject
Project("{8BC9CEB8-8B4A-11D0-8D11-00A0C91BC942}") = "exam6", "exam6\exam6.vcxproj", "{038BC6AC-5C44-4004-B776-B58EDD3D10D3}"
EndProject
Project("{8BC9CEB8-8B4A-11D0-8D11-00A0C91BC942}") = "exam7", "exam7\exam7.vcxproj", "{AD8DB79E-B564-4B9F-9C95-D3B6A1C9575A}"
EndProject
Project("{8BC9CEB8-8B4A-11D0-8D11-00A0C91BC942}") = "exam8", "exam8\exam8.vcxproj", "{5E86E90E-7ED1-4F8F-B779-EC70D6028118}"
EndProject
Project("{8BC9CEB8-8B4A-11D0-8D11-00A0C91BC942}") = "exam9", "exam9\exam9.vcxproj", "{2BB0FB5A-52D9-4E28-8F5F-FB33317AA60F}"
EndProject
Project("{8BC9CEB8-8B4A-11D0-8D11-00A0C91BC942}") = "exam10", "exam10\exam10.vcxproj", "{8D21D70F-C530-48F4-8C22-8AF95A49A872}"
EndProject
Project("{8BC9CEB8-8B4A-11D0-8D11-00A0C91BC942}") = "exam11", "exam11\exam11.vcxproj", "{5804F966-0B61-4B46-8E68-A914FC943D7A}"
EndProject
Project("{8BC9CEB8-8B4A-11D0-8D11-00A0C91BC942}") = "exam12", "exam12\exam12.vcxproj", "{649A3BDE-F70B-48B0-B8CB-52B4CD7957F3}"
EndProject
Global
	GlobalSection(SolutionConfigurationPlatforms) = preSolution
		Debug|x64 = Debug|x64
		Debug|x86 = Debug|x86
		Release|x64 = Release|x64
		Release|x86 = Release|x86
	EndGlobalSection
	GlobalSection(ProjectConfigurationPlatforms) = postSolution
		{50455258-2B68-46D9-9875-C180AD975833}.Debug|x64.ActiveCfg = Debug|x64
		{50455258-2B68-46D9-9875-C180AD975833}.Debug|x64.Build.0 = Debug|x64
		{50455258-2B68-46D9-9875-C180AD975833}.Debug|x86.ActiveCfg = Debug|Win32
		{50455258-2B68-46D9-9875-C180AD975833}.Debug|x86.Build.0 = Debug|Win32
		{50455258-2B68-46D9-9875-C180AD975833}.Release|x64.ActiveCfg = Release|x64
		{50455258-2B68-46D9-9875-C180AD975833}.Release|x64.Build.0 = Release|x64
		{50455258-2B68-46D9-9875-C180AD975833}.Release|x86.ActiveCfg = Release|Win32
		{50455258-2B68-46D9-9875-C180AD975833}.Release|x86.Build.0 = Release|Win32
		{5C9DFB02-0980-4E5A-A157-0A5DD3B10E37}.Debug|x64.ActiveCfg = Debug|x64
		{5C9DFB02-0980-4E5A-A157-0A5DD3B10E37}.Debug|x64.Build.0 = Debug|x64
		{5C9DFB02-0980-4E5A-A157-0A5DD3B10E37}.Debug|x86.ActiveCfg = Debug|Win32
		{5C9DFB02-0980-4E5A-A157-0A5DD3B10E37}.Debug|x86.Build.0 = Debug|Win32
		{5C9DFB02-0980-4E5A-A157-0A5DD3B10E37}.Release|x64.ActiveCfg = Release|x64
		{5C9DFB02-0980-4E5A-A157-0A5DD3B10E37}.Release|x64.Build.0 = Release|x64
		{5C9DFB02-0980-4E5A-A157-0A5DD3B10E37}.Release|x86.ActiveCfg = Release|Win32
		{5C9DFB02-0980-4E5A-A157-0A5DD3B10E37}.Release|x86.Build.0 = Release|Win32
		{F93A7E4D-4E34-4277-8A53-22BFFCFDD9F1}.Debug|x64.ActiveCfg = Debug|x64
		{F93A7E4D-4E34-4277-8A53-22BFFCFDD9F1}.Debug|x64.Build.0 = Debug|x64
		{F93A7E4D-4E34-4277-8A53-22BFFCFDD9F1}.Debug|x86.ActiveCfg = Debug|Win32
		{F93A7E4D-4E34-4277-8A53-22BFFCFDD9F1}.Debug|x86.Build.0 = Debug|Win32
		{F93A7E4D-4E34-4277-8A53-22BFFCFDD9F1}.Release|x64.ActiveCfg = Release|x64
		{F93A7E4D-4E34-4277-8A53-22BFFCFDD9F1}.Release|x64.Build.0 = Release|x64
		{F93A7E4D-4E34-4277-8A53-22BFFCFDD9F1}.Release|x86.ActiveCfg = Release|Win32
		{F93A7E4D-4E34-4277-8A53-22BFFCFDD9F1}.Release|x86.Build.0 = Release|Win32
		{72D8B0AB-3359-4C8C-BD8B-EAD5424AC847}.Debug|x64.ActiveCfg = Debug|x64
		{72D8B0AB-3359-4C8C-BD8B-EAD5424AC847}.Debug|x64.Build.0 = Debug|x64
		{72D8B0AB-3359-4C8C-BD8B-EAD5424AC847}.Debug|x86.ActiveCfg = Debug|Win32
		{72D8B0AB-3359-4C8C-BD8B-EAD5424AC847}.Debug|x86.Build.0 = Debug|Win32
		{72D8B0AB-3359-4C8C-BD8B-EAD5424AC847}.Release|x64.ActiveCfg = Release|x64
		{72D8B0AB-3359-4C8C-BD8B-EAD5424AC847}.Release|x64.Build.0 = Release|x64
		{72D8B0AB-3359-4C8C-BD8B-EAD5424AC847}.Release|x86.ActiveCfg = Release|Win32
		{72D8B0AB-3359-4C8C-BD8B-EAD5424AC847}.Release|x86.Build.0 = Release|Win32
		{AC6B88FD-34D8-46E8-9FDF-75F159510CDD}.Debug|x64.ActiveCfg = Debug|x64
		{AC6B88FD-34D8-46E8-9FDF-75F159510CDD}.Debug|x64.Build.0 = Debug|x64
		{AC6B88FD-34D8-46E8-9FDF-75F159510CDD}.Debug|x86.ActiveCfg = Debug|Win32
		{AC6B88FD-34D8-46E8-9FDF-75F159510CDD}.Debug|x86.Build.0 = Debug|Win32
		{AC6B88FD-34D8-46E8-9FDF-75F159510CDD}.Release|x64.ActiveCfg = Release|x64
		{AC6B88FD-34D8-46E8-9FDF-75F159510CDD}.Release|x64.Build.0 = Release|x64
		{AC6B88FD-34D8-46E8-9FDF-75F159510CDD}.Release|x86.ActiveCfg = Release|Win32
		{AC6B88FD-34D8-46E8-9FDF-75F159510CDD}.Release|x86.Build.0 = Release|Win32
		{038BC6AC-5C44-4004-B776-B58EDD3D10D3}.Debug|x64.ActiveCfg = Debug|x64
		{038BC6AC-5C44-4004-B776-B58EDD3D10D3}.Debug|x64.Build.0 = Debug|x64
		{038BC6AC-5C44-4004-B776-B58EDD3D10D3}.Debug|x86.ActiveCfg = Debug|Win32
		{038BC6AC-5C44-4004-B776-B58EDD3D10D3}.Debug|x86.Build.0 = Debug|Win32
		{038BC6AC-5C44-4004-B776-B58EDD3D10D3}.Release|x64.ActiveCfg = Release|x64
		{038BC6AC-5C44-4004-B776-B58EDD3D10D3}.Release|x64.Build.0 = Release|x64
		{038BC6AC-5C44-4004-B776-B58EDD3D10D3}.Release|x86.ActiveCfg = Release|Win32
		{038BC6AC-5C44-4004-B776-B58EDD3D10D3}.Release|x86.Build.0 = Release|Win32
		{AD8DB79E-B564-4B9F-9C95-D3B6A1C9575A}.Debug|x64.ActiveCfg = Debug|x64
		{AD8DB79E-B564-4B9F-9C95-D3B6A1C9575A}.Debug|x64.Build.0 = Debug|x64
		{AD8DB79E-B564-4B9F-9C95-D3B6A1C9575A}.Debug|x86.ActiveCfg = Debug|Win32
		{AD8DB79E-B564-4B9F-9C95-D3B6A1C9575A}.Debug|x86.Build.0 = Debug|Win32
		{AD8DB79E-B564-4B9F-9C95-D3B6A1C9575A}.Release|x64.ActiveCfg = Release|x64
		{AD8DB79E-B564-4B9F-9C95-D3B6A1C9575A}.Release|x64.Build.0 = Release|x64
		{AD8DB79E-B564-4B9F-9C95-D3B6A1C9575A}.Release|x86.ActiveCfg = Release|Win32
		{AD8DB79E-B564-4B9F-9C95-D3B6A1C9575A}.Release|x86.Build.0 = Release|Win32
		{5E86E90E-7ED1-4F8F-B779-EC70D6028118}.Debug|x64.ActiveCfg = Debug|x64
		{5E86E90E-7ED1-4F8F-B779-EC70D6028118}.Debug|x64.Build.0 = Debug|x64
		{5E86E90E-7ED1-4F8F-B779-EC70D6028118}.Debug|x86.ActiveCfg = Debug|Win32
		{5E86E90E-7ED1-4F8F-B779-EC70D6028118}.Debug|x86.Build.0 = Debug|Win32
		{5E86E90E-7ED1-4F8F-B779-EC70D6028118}.Release|x64.ActiveCfg = Release|x64
		{5E86E90E-7ED1-4F8F-B779-EC70D6028118}.Release|x64.Build.0 = Release|x64
		{5E86E90E-7ED1-4F8F-B779-EC70D6028118}.Release|x86.ActiveCfg = Release|Win32
		{5E86E90E-7ED1-4F8F-B779-EC70D6028118}.Release|x86.Build.0 = Release|Win32
		{2BB0FB5A-52D9-4E28-8F5F-FB33317AA60F}.Debug|x64.ActiveCfg = Debug|x64
		{2BB0FB5A-52D9-4E28-8F5F-FB33317AA60F}.Debug|x64.Build.0 = Debug|x64
		{2BB0FB5A-52D9-4E28-8F5F-FB33317AA60F}.Debug|x86.ActiveCfg = Debug|Win32
		{2BB0FB5A-52D9-4E28-8F5F-FB33317AA60F}.Debug|x86.Build.0 = Debug|Win32
		{2BB0FB5A-52D9-4E28-8F5F-FB33317AA60F}.Release|x64.ActiveCfg = Release|x64
		{2BB0FB5A-52D9-4E28-8F5F-FB33317AA60F}.Release|x64.Build.0 = Release|x64
		{2BB0FB5A-52D9-4E28-8F5F-FB33317AA60F}.Release|x86.ActiveCfg = Release|Win32
		{2BB0FB5A-52D9-4E28-8F5F-FB33317AA60F}.Release|x86.Build.0 = Release|Win32
		{8D21D70F-C530-48F4-8C22-8AF95A49A872}.Debug|x64.ActiveCfg = Debug|x64
		{8D21D70F-C530-48F4-8C22-8AF95A49A872}.Debug|x64.Build.0 = Debug|x64
		{8D21D70F-C530-48F4-8C22-8AF95A49A872}.Debug|x86.ActiveCfg = Debug|Win32
		{8D21D70F-C530-48F4-8C22-8AF95A49A872}.Debug|x86.Build.0 = Debug|Win32
		{8D21D70F-C530-48F4-8C22-8AF95A49A872}.Release|x64.ActiveCfg = Release|x64
		{8D21D70F-C530-48F4-8C22-8AF95A49A872}.Release|x64.Build.0 = Release|x64
		{8D21D70F-C530-48F4-8C22-8AF95A49A872}.Release|x86.ActiveCfg = Release|Win32
		{8D21D70F-C530-48F4-8C22-8AF95A49A872}.Release|x86.Build.0 = Release|Win32
		{5804F966-0B61-4B46-8E68-A914FC943D7A}.Debug|x64.ActiveCfg = Debug|x64
		{5804F966-0B61-4B46-8E68-A914FC943D7A}.Debug|x64.Build.0 = Debug|x64
		{5804F966-0B61-4B46-8E68-A914FC943D7A}.Debug|x86.ActiveCfg = Debug|Win32
		{5804F966-0B61-4B46-8E68-A914FC943D7A}.Debug|x86.Build.0 = Debug|Win32
		{5804F966-0B61-4B46-8E68-A914FC943D7A}.Release|x64.ActiveCfg = Release|x64
		{5804F966-0B61-4B46-8E68-A914FC943D7A}.Release|x64.Build.0 = Release|x64
		{5804F966-0B61-4B46-8E68-A914FC943D7A}.Release|x86.ActiveCfg = Release|Win32
		{5804F966-0B61-4B46-8E68-A914FC943D7A}.Release|x86.Build.0 = Release|Win32
		{649A3BDE-F70B-48B0-B8CB-52B4CD7957F3}.Debug|x64.ActiveCfg = Debug|x64
		{649A3BDE-F70B-48B0-B8CB-52B4CD7957F3}.Debug|x64.Build.0 = Debug|x64
		{649A3BDE-F70B-48B0-B8CB-52B4CD7957F3}.Debug|x86.ActiveCfg = Debug|Win32
		{649A3BDE-F70B-48B0-B8CB-52B4CD7957F3}.Debug|x86.Build.0 = Debug|Win32
		{649A3BDE-F70B-48B0-B8CB-52B4CD7957F3}.Release|x64.ActiveCfg = Release|x64
		{649A3BDE-F70B-48B0-B8CB-52B4CD7957F3}.Release|x64.Build.0 = Release|x64
		{649A3BDE-F70B-48B0-B8CB-52B4CD7957F3}.Release|x86.ActiveCfg = Release|Win32
		{649A3BDE-F70B-48B0-B8CB-52B4CD7957F3}.Release|x86.Build.0 = Release|Win32
	EndGlobalSection
	GlobalSection(SolutionProperties) = preSolution
		HideSolutionNode = FALSE
	EndGlobalSection
EndGlobal
