
Microsoft Visual Studio Solution File, Format Version 12.00
# Visual Studio 15
VisualStudioVersion = 15.0.26430.14
MinimumVisualStudioVersion = 10.0.40219.1
Project("{8BC9CEB8-8B4A-11D0-8D11-00A0C91BC942}") = "exam1", "exam1\exam1.vcxproj", "{48A99FDB-1556-445E-ABBF-15993D748CA1}"
EndProject
Project("{8BC9CEB8-8B4A-11D0-8D11-00A0C91BC942}") = "exam2", "exam2\exam2.vcxproj", "{0BAECECD-DE46-4E79-A7F4-6BE8BF9E2FA1}"
EndProject
Project("{8BC9CEB8-8B4A-11D0-8D11-00A0C91BC942}") = "exam3", "exam3\exam3.vcxproj", "{099D720E-A97C-47DE-AF2E-2630F214910D}"
EndProject
Project("{8BC9CEB8-8B4A-11D0-8D11-00A0C91BC942}") = "exam4", "exam4\exam4.vcxproj", "{BD45983B-1C19-4E66-9FF5-29B9181E9E29}"
EndProject
Project("{8BC9CEB8-8B4A-11D0-8D11-00A0C91BC942}") = "exam5", "exam5\exam5.vcxproj", "{3CBE0E7A-5E85-4ABE-B2C4-65A8D6D44353}"
EndProject
Project("{8BC9CEB8-8B4A-11D0-8D11-00A0C91BC942}") = "exam6", "exam6\exam6.vcxproj", "{1F931433-1BE6-4B3F-A7FA-C2AB4A6CB66D}"
EndProject
Project("{8BC9CEB8-8B4A-11D0-8D11-00A0C91BC942}") = "exam7", "exam7\exam7.vcxproj", "{8035B41A-9D2A-439D-BE28-8D422C168D4A}"
EndProject
Project("{8BC9CEB8-8B4A-11D0-8D11-00A0C91BC942}") = "exam8", "exam8\exam8.vcxproj", "{5D74C5F3-1C7D-42A1-8B92-C7CDB633488B}"
EndProject
Project("{8BC9CEB8-8B4A-11D0-8D11-00A0C91BC942}") = "exam9", "exam9\exam9.vcxproj", "{E594BEE3-528D-49FC-BC7A-18657462B037}"
EndProject
Project("{8BC9CEB8-8B4A-11D0-8D11-00A0C91BC942}") = "exam10", "exam10\exam10.vcxproj", "{A43B3237-9273-4DF9-9CBB-6BFDE6556424}"
EndProject
Project("{8BC9CEB8-8B4A-11D0-8D11-00A0C91BC942}") = "exam11", "exam11\exam11.vcxproj", "{70F675D9-0F68-4805-A37D-A6BBE53605CF}"
EndProject
Project("{8BC9CEB8-8B4A-11D0-8D11-00A0C91BC942}") = "exam12", "exam12\exam12.vcxproj", "{1051F8DA-1923-4E10-B6D1-F288BE10845D}"
EndProject
Project("{8BC9CEB8-8B4A-11D0-8D11-00A0C91BC942}") = "exam13", "exam13\exam13.vcxproj", "{2455AC93-E341-4FAF-9EFC-B331B474ABAB}"
EndProject
Project("{8BC9CEB8-8B4A-11D0-8D11-00A0C91BC942}") = "exam14", "exam14\exam14.vcxproj", "{EDF2C437-7D61-4D9A-AEC4-AF1A06638CE4}"
EndProject
Global
	GlobalSection(SolutionConfigurationPlatforms) = preSolution
		Debug|x64 = Debug|x64
		Debug|x86 = Debug|x86
		Release|x64 = Release|x64
		Release|x86 = Release|x86
	EndGlobalSection
	GlobalSection(ProjectConfigurationPlatforms) = postSolution
		{48A99FDB-1556-445E-ABBF-15993D748CA1}.Debug|x64.ActiveCfg = Debug|x64
		{48A99FDB-1556-445E-ABBF-15993D748CA1}.Debug|x64.Build.0 = Debug|x64
		{48A99FDB-1556-445E-ABBF-15993D748CA1}.Debug|x86.ActiveCfg = Debug|Win32
		{48A99FDB-1556-445E-ABBF-15993D748CA1}.Debug|x86.Build.0 = Debug|Win32
		{48A99FDB-1556-445E-ABBF-15993D748CA1}.Release|x64.ActiveCfg = Release|x64
		{48A99FDB-1556-445E-ABBF-15993D748CA1}.Release|x64.Build.0 = Release|x64
		{48A99FDB-1556-445E-ABBF-15993D748CA1}.Release|x86.ActiveCfg = Release|Win32
		{48A99FDB-1556-445E-ABBF-15993D748CA1}.Release|x86.Build.0 = Release|Win32
		{0BAECECD-DE46-4E79-A7F4-6BE8BF9E2FA1}.Debug|x64.ActiveCfg = Debug|x64
		{0BAECECD-DE46-4E79-A7F4-6BE8BF9E2FA1}.Debug|x64.Build.0 = Debug|x64
		{0BAECECD-DE46-4E79-A7F4-6BE8BF9E2FA1}.Debug|x86.ActiveCfg = Debug|Win32
		{0BAECECD-DE46-4E79-A7F4-6BE8BF9E2FA1}.Debug|x86.Build.0 = Debug|Win32
		{0BAECECD-DE46-4E79-A7F4-6BE8BF9E2FA1}.Release|x64.ActiveCfg = Release|x64
		{0BAECECD-DE46-4E79-A7F4-6BE8BF9E2FA1}.Release|x64.Build.0 = Release|x64
		{0BAECECD-DE46-4E79-A7F4-6BE8BF9E2FA1}.Release|x86.ActiveCfg = Release|Win32
		{0BAECECD-DE46-4E79-A7F4-6BE8BF9E2FA1}.Release|x86.Build.0 = Release|Win32
		{099D720E-A97C-47DE-AF2E-2630F214910D}.Debug|x64.ActiveCfg = Debug|x64
		{099D720E-A97C-47DE-AF2E-2630F214910D}.Debug|x64.Build.0 = Debug|x64
		{099D720E-A97C-47DE-AF2E-2630F214910D}.Debug|x86.ActiveCfg = Debug|Win32
		{099D720E-A97C-47DE-AF2E-2630F214910D}.Debug|x86.Build.0 = Debug|Win32
		{099D720E-A97C-47DE-AF2E-2630F214910D}.Release|x64.ActiveCfg = Release|x64
		{099D720E-A97C-47DE-AF2E-2630F214910D}.Release|x64.Build.0 = Release|x64
		{099D720E-A97C-47DE-AF2E-2630F214910D}.Release|x86.ActiveCfg = Release|Win32
		{099D720E-A97C-47DE-AF2E-2630F214910D}.Release|x86.Build.0 = Release|Win32
		{BD45983B-1C19-4E66-9FF5-29B9181E9E29}.Debug|x64.ActiveCfg = Debug|x64
		{BD45983B-1C19-4E66-9FF5-29B9181E9E29}.Debug|x64.Build.0 = Debug|x64
		{BD45983B-1C19-4E66-9FF5-29B9181E9E29}.Debug|x86.ActiveCfg = Debug|Win32
		{BD45983B-1C19-4E66-9FF5-29B9181E9E29}.Debug|x86.Build.0 = Debug|Win32
		{BD45983B-1C19-4E66-9FF5-29B9181E9E29}.Release|x64.ActiveCfg = Release|x64
		{BD45983B-1C19-4E66-9FF5-29B9181E9E29}.Release|x64.Build.0 = Release|x64
		{BD45983B-1C19-4E66-9FF5-29B9181E9E29}.Release|x86.ActiveCfg = Release|Win32
		{BD45983B-1C19-4E66-9FF5-29B9181E9E29}.Release|x86.Build.0 = Release|Win32
		{3CBE0E7A-5E85-4ABE-B2C4-65A8D6D44353}.Debug|x64.ActiveCfg = Debug|x64
		{3CBE0E7A-5E85-4ABE-B2C4-65A8D6D44353}.Debug|x64.Build.0 = Debug|x64
		{3CBE0E7A-5E85-4ABE-B2C4-65A8D6D44353}.Debug|x86.ActiveCfg = Debug|Win32
		{3CBE0E7A-5E85-4ABE-B2C4-65A8D6D44353}.Debug|x86.Build.0 = Debug|Win32
		{3CBE0E7A-5E85-4ABE-B2C4-65A8D6D44353}.Release|x64.ActiveCfg = Release|x64
		{3CBE0E7A-5E85-4ABE-B2C4-65A8D6D44353}.Release|x64.Build.0 = Release|x64
		{3CBE0E7A-5E85-4ABE-B2C4-65A8D6D44353}.Release|x86.ActiveCfg = Release|Win32
		{3CBE0E7A-5E85-4ABE-B2C4-65A8D6D44353}.Release|x86.Build.0 = Release|Win32
		{1F931433-1BE6-4B3F-A7FA-C2AB4A6CB66D}.Debug|x64.ActiveCfg = Debug|x64
		{1F931433-1BE6-4B3F-A7FA-C2AB4A6CB66D}.Debug|x64.Build.0 = Debug|x64
		{1F931433-1BE6-4B3F-A7FA-C2AB4A6CB66D}.Debug|x86.ActiveCfg = Debug|Win32
		{1F931433-1BE6-4B3F-A7FA-C2AB4A6CB66D}.Debug|x86.Build.0 = Debug|Win32
		{1F931433-1BE6-4B3F-A7FA-C2AB4A6CB66D}.Release|x64.ActiveCfg = Release|x64
		{1F931433-1BE6-4B3F-A7FA-C2AB4A6CB66D}.Release|x64.Build.0 = Release|x64
		{1F931433-1BE6-4B3F-A7FA-C2AB4A6CB66D}.Release|x86.ActiveCfg = Release|Win32
		{1F931433-1BE6-4B3F-A7FA-C2AB4A6CB66D}.Release|x86.Build.0 = Release|Win32
		{8035B41A-9D2A-439D-BE28-8D422C168D4A}.Debug|x64.ActiveCfg = Debug|x64
		{8035B41A-9D2A-439D-BE28-8D422C168D4A}.Debug|x64.Build.0 = Debug|x64
		{8035B41A-9D2A-439D-BE28-8D422C168D4A}.Debug|x86.ActiveCfg = Debug|Win32
		{8035B41A-9D2A-439D-BE28-8D422C168D4A}.Debug|x86.Build.0 = Debug|Win32
		{8035B41A-9D2A-439D-BE28-8D422C168D4A}.Release|x64.ActiveCfg = Release|x64
		{8035B41A-9D2A-439D-BE28-8D422C168D4A}.Release|x64.Build.0 = Release|x64
		{8035B41A-9D2A-439D-BE28-8D422C168D4A}.Release|x86.ActiveCfg = Release|Win32
		{8035B41A-9D2A-439D-BE28-8D422C168D4A}.Release|x86.Build.0 = Release|Win32
		{5D74C5F3-1C7D-42A1-8B92-C7CDB633488B}.Debug|x64.ActiveCfg = Debug|x64
		{5D74C5F3-1C7D-42A1-8B92-C7CDB633488B}.Debug|x64.Build.0 = Debug|x64
		{5D74C5F3-1C7D-42A1-8B92-C7CDB633488B}.Debug|x86.ActiveCfg = Debug|Win32
		{5D74C5F3-1C7D-42A1-8B92-C7CDB633488B}.Debug|x86.Build.0 = Debug|Win32
		{5D74C5F3-1C7D-42A1-8B92-C7CDB633488B}.Release|x64.ActiveCfg = Release|x64
		{5D74C5F3-1C7D-42A1-8B92-C7CDB633488B}.Release|x64.Build.0 = Release|x64
		{5D74C5F3-1C7D-42A1-8B92-C7CDB633488B}.Release|x86.ActiveCfg = Release|Win32
		{5D74C5F3-1C7D-42A1-8B92-C7CDB633488B}.Release|x86.Build.0 = Release|Win32
		{E594BEE3-528D-49FC-BC7A-18657462B037}.Debug|x64.ActiveCfg = Debug|x64
		{E594BEE3-528D-49FC-BC7A-18657462B037}.Debug|x64.Build.0 = Debug|x64
		{E594BEE3-528D-49FC-BC7A-18657462B037}.Debug|x86.ActiveCfg = Debug|Win32
		{E594BEE3-528D-49FC-BC7A-18657462B037}.Debug|x86.Build.0 = Debug|Win32
		{E594BEE3-528D-49FC-BC7A-18657462B037}.Release|x64.ActiveCfg = Release|x64
		{E594BEE3-528D-49FC-BC7A-18657462B037}.Release|x64.Build.0 = Release|x64
		{E594BEE3-528D-49FC-BC7A-18657462B037}.Release|x86.ActiveCfg = Release|Win32
		{E594BEE3-528D-49FC-BC7A-18657462B037}.Release|x86.Build.0 = Release|Win32
		{A43B3237-9273-4DF9-9CBB-6BFDE6556424}.Debug|x64.ActiveCfg = Debug|x64
		{A43B3237-9273-4DF9-9CBB-6BFDE6556424}.Debug|x64.Build.0 = Debug|x64
		{A43B3237-9273-4DF9-9CBB-6BFDE6556424}.Debug|x86.ActiveCfg = Debug|Win32
		{A43B3237-9273-4DF9-9CBB-6BFDE6556424}.Debug|x86.Build.0 = Debug|Win32
		{A43B3237-9273-4DF9-9CBB-6BFDE6556424}.Release|x64.ActiveCfg = Release|x64
		{A43B3237-9273-4DF9-9CBB-6BFDE6556424}.Release|x64.Build.0 = Release|x64
		{A43B3237-9273-4DF9-9CBB-6BFDE6556424}.Release|x86.ActiveCfg = Release|Win32
		{A43B3237-9273-4DF9-9CBB-6BFDE6556424}.Release|x86.Build.0 = Release|Win32
		{70F675D9-0F68-4805-A37D-A6BBE53605CF}.Debug|x64.ActiveCfg = Debug|x64
		{70F675D9-0F68-4805-A37D-A6BBE53605CF}.Debug|x64.Build.0 = Debug|x64
		{70F675D9-0F68-4805-A37D-A6BBE53605CF}.Debug|x86.ActiveCfg = Debug|Win32
		{70F675D9-0F68-4805-A37D-A6BBE53605CF}.Debug|x86.Build.0 = Debug|Win32
		{70F675D9-0F68-4805-A37D-A6BBE53605CF}.Release|x64.ActiveCfg = Release|x64
		{70F675D9-0F68-4805-A37D-A6BBE53605CF}.Release|x64.Build.0 = Release|x64
		{70F675D9-0F68-4805-A37D-A6BBE53605CF}.Release|x86.ActiveCfg = Release|Win32
		{70F675D9-0F68-4805-A37D-A6BBE53605CF}.Release|x86.Build.0 = Release|Win32
		{1051F8DA-1923-4E10-B6D1-F288BE10845D}.Debug|x64.ActiveCfg = Debug|x64
		{1051F8DA-1923-4E10-B6D1-F288BE10845D}.Debug|x64.Build.0 = Debug|x64
		{1051F8DA-1923-4E10-B6D1-F288BE10845D}.Debug|x86.ActiveCfg = Debug|Win32
		{1051F8DA-1923-4E10-B6D1-F288BE10845D}.Debug|x86.Build.0 = Debug|Win32
		{1051F8DA-1923-4E10-B6D1-F288BE10845D}.Release|x64.ActiveCfg = Release|x64
		{1051F8DA-1923-4E10-B6D1-F288BE10845D}.Release|x64.Build.0 = Release|x64
		{1051F8DA-1923-4E10-B6D1-F288BE10845D}.Release|x86.ActiveCfg = Release|Win32
		{1051F8DA-1923-4E10-B6D1-F288BE10845D}.Release|x86.Build.0 = Release|Win32
		{2455AC93-E341-4FAF-9EFC-B331B474ABAB}.Debug|x64.ActiveCfg = Debug|x64
		{2455AC93-E341-4FAF-9EFC-B331B474ABAB}.Debug|x64.Build.0 = Debug|x64
		{2455AC93-E341-4FAF-9EFC-B331B474ABAB}.Debug|x86.ActiveCfg = Debug|Win32
		{2455AC93-E341-4FAF-9EFC-B331B474ABAB}.Debug|x86.Build.0 = Debug|Win32
		{2455AC93-E341-4FAF-9EFC-B331B474ABAB}.Release|x64.ActiveCfg = Release|x64
		{2455AC93-E341-4FAF-9EFC-B331B474ABAB}.Release|x64.Build.0 = Release|x64
		{2455AC93-E341-4FAF-9EFC-B331B474ABAB}.Release|x86.ActiveCfg = Release|Win32
		{2455AC93-E341-4FAF-9EFC-B331B474ABAB}.Release|x86.Build.0 = Release|Win32
		{EDF2C437-7D61-4D9A-AEC4-AF1A06638CE4}.Debug|x64.ActiveCfg = Debug|x64
		{EDF2C437-7D61-4D9A-AEC4-AF1A06638CE4}.Debug|x64.Build.0 = Debug|x64
		{EDF2C437-7D61-4D9A-AEC4-AF1A06638CE4}.Debug|x86.ActiveCfg = Debug|Win32
		{EDF2C437-7D61-4D9A-AEC4-AF1A06638CE4}.Debug|x86.Build.0 = Debug|Win32
		{EDF2C437-7D61-4D9A-AEC4-AF1A06638CE4}.Release|x64.ActiveCfg = Release|x64
		{EDF2C437-7D61-4D9A-AEC4-AF1A06638CE4}.Release|x64.Build.0 = Release|x64
		{EDF2C437-7D61-4D9A-AEC4-AF1A06638CE4}.Release|x86.ActiveCfg = Release|Win32
		{EDF2C437-7D61-4D9A-AEC4-AF1A06638CE4}.Release|x86.Build.0 = Release|Win32
	EndGlobalSection
	GlobalSection(SolutionProperties) = preSolution
		HideSolutionNode = FALSE
	EndGlobalSection
EndGlobal
