
Microsoft Visual Studio Solution File, Format Version 12.00
# Visual Studio 15
VisualStudioVersion = 15.0.26430.14
MinimumVisualStudioVersion = 10.0.40219.1
Project("{8BC9CEB8-8B4A-11D0-8D11-00A0C91BC942}") = "exam1", "exam1\exam1.vcxproj", "{0291FA45-AFCA-4532-A081-236A502CFBC8}"
EndProject
Project("{8BC9CEB8-8B4A-11D0-8D11-00A0C91BC942}") = "exam2", "exam2\exam2.vcxproj", "{28715E37-0D46-4DD5-8042-AD0DD64254A9}"
EndProject
Project("{8BC9CEB8-8B4A-11D0-8D11-00A0C91BC942}") = "exam3", "exam3\exam3.vcxproj", "{DF45AD7F-0F85-4899-B6C3-643530233839}"
EndProject
Project("{8BC9CEB8-8B4A-11D0-8D11-00A0C91BC942}") = "exam4", "exam4\exam4.vcxproj", "{5C94AD56-601D-44DF-B035-1D45AFB48A16}"
EndProject
Project("{8BC9CEB8-8B4A-11D0-8D11-00A0C91BC942}") = "exam5", "exam5\exam5.vcxproj", "{2CDD2FB2-B26A-4773-AD2A-C5FD5A0663DF}"
EndProject
Project("{8BC9CEB8-8B4A-11D0-8D11-00A0C91BC942}") = "exam6", "exam6\exam6.vcxproj", "{F64C6797-BF65-489E-8797-E08DDC590AA6}"
EndProject
Project("{8BC9CEB8-8B4A-11D0-8D11-00A0C91BC942}") = "exam7", "exam7\exam7.vcxproj", "{530E9CD1-3C6E-459C-A454-5E965DBF226E}"
EndProject
Project("{8BC9CEB8-8B4A-11D0-8D11-00A0C91BC942}") = "exam8", "exam8\exam8.vcxproj", "{F8608D96-E7B9-4FF1-92C1-9F51CE91DE8E}"
EndProject
Project("{8BC9CEB8-8B4A-11D0-8D11-00A0C91BC942}") = "exam9", "exam9\exam9.vcxproj", "{E310F4E8-4BFE-4E9C-B2E3-D97032B2E10D}"
EndProject
Project("{8BC9CEB8-8B4A-11D0-8D11-00A0C91BC942}") = "exam10", "exam10\exam10.vcxproj", "{A081AE85-090E-4F70-B7AA-2B588240D6FA}"
EndProject
Global
	GlobalSection(SolutionConfigurationPlatforms) = preSolution
		Debug|x64 = Debug|x64
		Debug|x86 = Debug|x86
		Release|x64 = Release|x64
		Release|x86 = Release|x86
	EndGlobalSection
	GlobalSection(ProjectConfigurationPlatforms) = postSolution
		{0291FA45-AFCA-4532-A081-236A502CFBC8}.Debug|x64.ActiveCfg = Debug|x64
		{0291FA45-AFCA-4532-A081-236A502CFBC8}.Debug|x64.Build.0 = Debug|x64
		{0291FA45-AFCA-4532-A081-236A502CFBC8}.Debug|x86.ActiveCfg = Debug|Win32
		{0291FA45-AFCA-4532-A081-236A502CFBC8}.Debug|x86.Build.0 = Debug|Win32
		{0291FA45-AFCA-4532-A081-236A502CFBC8}.Release|x64.ActiveCfg = Release|x64
		{0291FA45-AFCA-4532-A081-236A502CFBC8}.Release|x64.Build.0 = Release|x64
		{0291FA45-AFCA-4532-A081-236A502CFBC8}.Release|x86.ActiveCfg = Release|Win32
		{0291FA45-AFCA-4532-A081-236A502CFBC8}.Release|x86.Build.0 = Release|Win32
		{28715E37-0D46-4DD5-8042-AD0DD64254A9}.Debug|x64.ActiveCfg = Debug|x64
		{28715E37-0D46-4DD5-8042-AD0DD64254A9}.Debug|x64.Build.0 = Debug|x64
		{28715E37-0D46-4DD5-8042-AD0DD64254A9}.Debug|x86.ActiveCfg = Debug|Win32
		{28715E37-0D46-4DD5-8042-AD0DD64254A9}.Debug|x86.Build.0 = Debug|Win32
		{28715E37-0D46-4DD5-8042-AD0DD64254A9}.Release|x64.ActiveCfg = Release|x64
		{28715E37-0D46-4DD5-8042-AD0DD64254A9}.Release|x64.Build.0 = Release|x64
		{28715E37-0D46-4DD5-8042-AD0DD64254A9}.Release|x86.ActiveCfg = Release|Win32
		{28715E37-0D46-4DD5-8042-AD0DD64254A9}.Release|x86.Build.0 = Release|Win32
		{DF45AD7F-0F85-4899-B6C3-643530233839}.Debug|x64.ActiveCfg = Debug|x64
		{DF45AD7F-0F85-4899-B6C3-643530233839}.Debug|x64.Build.0 = Debug|x64
		{DF45AD7F-0F85-4899-B6C3-643530233839}.Debug|x86.ActiveCfg = Debug|Win32
		{DF45AD7F-0F85-4899-B6C3-643530233839}.Debug|x86.Build.0 = Debug|Win32
		{DF45AD7F-0F85-4899-B6C3-643530233839}.Release|x64.ActiveCfg = Release|x64
		{DF45AD7F-0F85-4899-B6C3-643530233839}.Release|x64.Build.0 = Release|x64
		{DF45AD7F-0F85-4899-B6C3-643530233839}.Release|x86.ActiveCfg = Release|Win32
		{DF45AD7F-0F85-4899-B6C3-643530233839}.Release|x86.Build.0 = Release|Win32
		{5C94AD56-601D-44DF-B035-1D45AFB48A16}.Debug|x64.ActiveCfg = Debug|x64
		{5C94AD56-601D-44DF-B035-1D45AFB48A16}.Debug|x64.Build.0 = Debug|x64
		{5C94AD56-601D-44DF-B035-1D45AFB48A16}.Debug|x86.ActiveCfg = Debug|Win32
		{5C94AD56-601D-44DF-B035-1D45AFB48A16}.Debug|x86.Build.0 = Debug|Win32
		{5C94AD56-601D-44DF-B035-1D45AFB48A16}.Release|x64.ActiveCfg = Release|x64
		{5C94AD56-601D-44DF-B035-1D45AFB48A16}.Release|x64.Build.0 = Release|x64
		{5C94AD56-601D-44DF-B035-1D45AFB48A16}.Release|x86.ActiveCfg = Release|Win32
		{5C94AD56-601D-44DF-B035-1D45AFB48A16}.Release|x86.Build.0 = Release|Win32
		{2CDD2FB2-B26A-4773-AD2A-C5FD5A0663DF}.Debug|x64.ActiveCfg = Debug|x64
		{2CDD2FB2-B26A-4773-AD2A-C5FD5A0663DF}.Debug|x64.Build.0 = Debug|x64
		{2CDD2FB2-B26A-4773-AD2A-C5FD5A0663DF}.Debug|x86.ActiveCfg = Debug|Win32
		{2CDD2FB2-B26A-4773-AD2A-C5FD5A0663DF}.Debug|x86.Build.0 = Debug|Win32
		{2CDD2FB2-B26A-4773-AD2A-C5FD5A0663DF}.Release|x64.ActiveCfg = Release|x64
		{2CDD2FB2-B26A-4773-AD2A-C5FD5A0663DF}.Release|x64.Build.0 = Release|x64
		{2CDD2FB2-B26A-4773-AD2A-C5FD5A0663DF}.Release|x86.ActiveCfg = Release|Win32
		{2CDD2FB2-B26A-4773-AD2A-C5FD5A0663DF}.Release|x86.Build.0 = Release|Win32
		{F64C6797-BF65-489E-8797-E08DDC590AA6}.Debug|x64.ActiveCfg = Debug|x64
		{F64C6797-BF65-489E-8797-E08DDC590AA6}.Debug|x64.Build.0 = Debug|x64
		{F64C6797-BF65-489E-8797-E08DDC590AA6}.Debug|x86.ActiveCfg = Debug|Win32
		{F64C6797-BF65-489E-8797-E08DDC590AA6}.Debug|x86.Build.0 = Debug|Win32
		{F64C6797-BF65-489E-8797-E08DDC590AA6}.Release|x64.ActiveCfg = Release|x64
		{F64C6797-BF65-489E-8797-E08DDC590AA6}.Release|x64.Build.0 = Release|x64
		{F64C6797-BF65-489E-8797-E08DDC590AA6}.Release|x86.ActiveCfg = Release|Win32
		{F64C6797-BF65-489E-8797-E08DDC590AA6}.Release|x86.Build.0 = Release|Win32
		{530E9CD1-3C6E-459C-A454-5E965DBF226E}.Debug|x64.ActiveCfg = Debug|x64
		{530E9CD1-3C6E-459C-A454-5E965DBF226E}.Debug|x64.Build.0 = Debug|x64
		{530E9CD1-3C6E-459C-A454-5E965DBF226E}.Debug|x86.ActiveCfg = Debug|Win32
		{530E9CD1-3C6E-459C-A454-5E965DBF226E}.Debug|x86.Build.0 = Debug|Win32
		{530E9CD1-3C6E-459C-A454-5E965DBF226E}.Release|x64.ActiveCfg = Release|x64
		{530E9CD1-3C6E-459C-A454-5E965DBF226E}.Release|x64.Build.0 = Release|x64
		{530E9CD1-3C6E-459C-A454-5E965DBF226E}.Release|x86.ActiveCfg = Release|Win32
		{530E9CD1-3C6E-459C-A454-5E965DBF226E}.Release|x86.Build.0 = Release|Win32
		{F8608D96-E7B9-4FF1-92C1-9F51CE91DE8E}.Debug|x64.ActiveCfg = Debug|x64
		{F8608D96-E7B9-4FF1-92C1-9F51CE91DE8E}.Debug|x64.Build.0 = Debug|x64
		{F8608D96-E7B9-4FF1-92C1-9F51CE91DE8E}.Debug|x86.ActiveCfg = Debug|Win32
		{F8608D96-E7B9-4FF1-92C1-9F51CE91DE8E}.Debug|x86.Build.0 = Debug|Win32
		{F8608D96-E7B9-4FF1-92C1-9F51CE91DE8E}.Release|x64.ActiveCfg = Release|x64
		{F8608D96-E7B9-4FF1-92C1-9F51CE91DE8E}.Release|x64.Build.0 = Release|x64
		{F8608D96-E7B9-4FF1-92C1-9F51CE91DE8E}.Release|x86.ActiveCfg = Release|Win32
		{F8608D96-E7B9-4FF1-92C1-9F51CE91DE8E}.Release|x86.Build.0 = Release|Win32
		{E310F4E8-4BFE-4E9C-B2E3-D97032B2E10D}.Debug|x64.ActiveCfg = Debug|x64
		{E310F4E8-4BFE-4E9C-B2E3-D97032B2E10D}.Debug|x64.Build.0 = Debug|x64
		{E310F4E8-4BFE-4E9C-B2E3-D97032B2E10D}.Debug|x86.ActiveCfg = Debug|Win32
		{E310F4E8-4BFE-4E9C-B2E3-D97032B2E10D}.Debug|x86.Build.0 = Debug|Win32
		{E310F4E8-4BFE-4E9C-B2E3-D97032B2E10D}.Release|x64.ActiveCfg = Release|x64
		{E310F4E8-4BFE-4E9C-B2E3-D97032B2E10D}.Release|x64.Build.0 = Release|x64
		{E310F4E8-4BFE-4E9C-B2E3-D97032B2E10D}.Release|x86.ActiveCfg = Release|Win32
		{E310F4E8-4BFE-4E9C-B2E3-D97032B2E10D}.Release|x86.Build.0 = Release|Win32
		{A081AE85-090E-4F70-B7AA-2B588240D6FA}.Debug|x64.ActiveCfg = Debug|x64
		{A081AE85-090E-4F70-B7AA-2B588240D6FA}.Debug|x64.Build.0 = Debug|x64
		{A081AE85-090E-4F70-B7AA-2B588240D6FA}.Debug|x86.ActiveCfg = Debug|Win32
		{A081AE85-090E-4F70-B7AA-2B588240D6FA}.Debug|x86.Build.0 = Debug|Win32
		{A081AE85-090E-4F70-B7AA-2B588240D6FA}.Release|x64.ActiveCfg = Release|x64
		{A081AE85-090E-4F70-B7AA-2B588240D6FA}.Release|x64.Build.0 = Release|x64
		{A081AE85-090E-4F70-B7AA-2B588240D6FA}.Release|x86.ActiveCfg = Release|Win32
		{A081AE85-090E-4F70-B7AA-2B588240D6FA}.Release|x86.Build.0 = Release|Win32
	EndGlobalSection
	GlobalSection(SolutionProperties) = preSolution
		HideSolutionNode = FALSE
	EndGlobalSection
EndGlobal
