
Microsoft Visual Studio Solution File, Format Version 12.00
# Visual Studio 15
VisualStudioVersion = 15.0.26430.14
MinimumVisualStudioVersion = 10.0.40219.1
Project("{8BC9CEB8-8B4A-11D0-8D11-00A0C91BC942}") = "exam1", "exam1\exam1.vcxproj", "{CC052193-40BB-4C48-9E1C-DD5048A4BA88}"
EndProject
Project("{8BC9CEB8-8B4A-11D0-8D11-00A0C91BC942}") = "exam2", "exam2\exam2.vcxproj", "{ABD631A7-850F-4D8F-88D0-3DF1926E66F8}"
EndProject
Project("{8BC9CEB8-8B4A-11D0-8D11-00A0C91BC942}") = "exam3", "exam3\exam3.vcxproj", "{5C6A2CD3-168D-4746-8B32-62F932AB3226}"
EndProject
Project("{8BC9CEB8-8B4A-11D0-8D11-00A0C91BC942}") = "exam4", "exam4\exam4.vcxproj", "{47674FCD-6F7B-43B6-82D7-CD6EAF46E0F0}"
EndProject
Project("{8BC9CEB8-8B4A-11D0-8D11-00A0C91BC942}") = "exam5", "exam5\exam5.vcxproj", "{B3EB7A99-9F3F-4B6F-8614-73215A8027CB}"
EndProject
Project("{8BC9CEB8-8B4A-11D0-8D11-00A0C91BC942}") = "exam6", "exam6\exam6.vcxproj", "{FCF45529-BE23-41E1-9626-FD7995FC9F58}"
EndProject
Project("{8BC9CEB8-8B4A-11D0-8D11-00A0C91BC942}") = "exam7", "exam7\exam7.vcxproj", "{565D42C5-E7D2-439D-AA81-759D22BE249A}"
EndProject
Project("{8BC9CEB8-8B4A-11D0-8D11-00A0C91BC942}") = "exam8", "exam8\exam8.vcxproj", "{AD473B09-0AFA-4A6B-865D-8C9B7D5186E7}"
EndProject
Project("{8BC9CEB8-8B4A-11D0-8D11-00A0C91BC942}") = "exam9_memo", "exam9_memo\exam9_memo.vcxproj", "{3F4E08D6-1B05-47CE-B0C5-04847461BBDD}"
EndProject
Global
	GlobalSection(SolutionConfigurationPlatforms) = preSolution
		Debug|x64 = Debug|x64
		Debug|x86 = Debug|x86
		Release|x64 = Release|x64
		Release|x86 = Release|x86
	EndGlobalSection
	GlobalSection(ProjectConfigurationPlatforms) = postSolution
		{CC052193-40BB-4C48-9E1C-DD5048A4BA88}.Debug|x64.ActiveCfg = Debug|x64
		{CC052193-40BB-4C48-9E1C-DD5048A4BA88}.Debug|x64.Build.0 = Debug|x64
		{CC052193-40BB-4C48-9E1C-DD5048A4BA88}.Debug|x86.ActiveCfg = Debug|Win32
		{CC052193-40BB-4C48-9E1C-DD5048A4BA88}.Debug|x86.Build.0 = Debug|Win32
		{CC052193-40BB-4C48-9E1C-DD5048A4BA88}.Release|x64.ActiveCfg = Release|x64
		{CC052193-40BB-4C48-9E1C-DD5048A4BA88}.Release|x64.Build.0 = Release|x64
		{CC052193-40BB-4C48-9E1C-DD5048A4BA88}.Release|x86.ActiveCfg = Release|Win32
		{CC052193-40BB-4C48-9E1C-DD5048A4BA88}.Release|x86.Build.0 = Release|Win32
		{ABD631A7-850F-4D8F-88D0-3DF1926E66F8}.Debug|x64.ActiveCfg = Debug|x64
		{ABD631A7-850F-4D8F-88D0-3DF1926E66F8}.Debug|x64.Build.0 = Debug|x64
		{ABD631A7-850F-4D8F-88D0-3DF1926E66F8}.Debug|x86.ActiveCfg = Debug|Win32
		{ABD631A7-850F-4D8F-88D0-3DF1926E66F8}.Debug|x86.Build.0 = Debug|Win32
		{ABD631A7-850F-4D8F-88D0-3DF1926E66F8}.Release|x64.ActiveCfg = Release|x64
		{ABD631A7-850F-4D8F-88D0-3DF1926E66F8}.Release|x64.Build.0 = Release|x64
		{ABD631A7-850F-4D8F-88D0-3DF1926E66F8}.Release|x86.ActiveCfg = Release|Win32
		{ABD631A7-850F-4D8F-88D0-3DF1926E66F8}.Release|x86.Build.0 = Release|Win32
		{5C6A2CD3-168D-4746-8B32-62F932AB3226}.Debug|x64.ActiveCfg = Debug|x64
		{5C6A2CD3-168D-4746-8B32-62F932AB3226}.Debug|x64.Build.0 = Debug|x64
		{5C6A2CD3-168D-4746-8B32-62F932AB3226}.Debug|x86.ActiveCfg = Debug|Win32
		{5C6A2CD3-168D-4746-8B32-62F932AB3226}.Debug|x86.Build.0 = Debug|Win32
		{5C6A2CD3-168D-4746-8B32-62F932AB3226}.Release|x64.ActiveCfg = Release|x64
		{5C6A2CD3-168D-4746-8B32-62F932AB3226}.Release|x64.Build.0 = Release|x64
		{5C6A2CD3-168D-4746-8B32-62F932AB3226}.Release|x86.ActiveCfg = Release|Win32
		{5C6A2CD3-168D-4746-8B32-62F932AB3226}.Release|x86.Build.0 = Release|Win32
		{47674FCD-6F7B-43B6-82D7-CD6EAF46E0F0}.Debug|x64.ActiveCfg = Debug|x64
		{47674FCD-6F7B-43B6-82D7-CD6EAF46E0F0}.Debug|x64.Build.0 = Debug|x64
		{47674FCD-6F7B-43B6-82D7-CD6EAF46E0F0}.Debug|x86.ActiveCfg = Debug|Win32
		{47674FCD-6F7B-43B6-82D7-CD6EAF46E0F0}.Debug|x86.Build.0 = Debug|Win32
		{47674FCD-6F7B-43B6-82D7-CD6EAF46E0F0}.Release|x64.ActiveCfg = Release|x64
		{47674FCD-6F7B-43B6-82D7-CD6EAF46E0F0}.Release|x64.Build.0 = Release|x64
		{47674FCD-6F7B-43B6-82D7-CD6EAF46E0F0}.Release|x86.ActiveCfg = Release|Win32
		{47674FCD-6F7B-43B6-82D7-CD6EAF46E0F0}.Release|x86.Build.0 = Release|Win32
		{B3EB7A99-9F3F-4B6F-8614-73215A8027CB}.Debug|x64.ActiveCfg = Debug|x64
		{B3EB7A99-9F3F-4B6F-8614-73215A8027CB}.Debug|x64.Build.0 = Debug|x64
		{B3EB7A99-9F3F-4B6F-8614-73215A8027CB}.Debug|x86.ActiveCfg = Debug|Win32
		{B3EB7A99-9F3F-4B6F-8614-73215A8027CB}.Debug|x86.Build.0 = Debug|Win32
		{B3EB7A99-9F3F-4B6F-8614-73215A8027CB}.Release|x64.ActiveCfg = Release|x64
		{B3EB7A99-9F3F-4B6F-8614-73215A8027CB}.Release|x64.Build.0 = Release|x64
		{B3EB7A99-9F3F-4B6F-8614-73215A8027CB}.Release|x86.ActiveCfg = Release|Win32
		{B3EB7A99-9F3F-4B6F-8614-73215A8027CB}.Release|x86.Build.0 = Release|Win32
		{FCF45529-BE23-41E1-9626-FD7995FC9F58}.Debug|x64.ActiveCfg = Debug|x64
		{FCF45529-BE23-41E1-9626-FD7995FC9F58}.Debug|x64.Build.0 = Debug|x64
		{FCF45529-BE23-41E1-9626-FD7995FC9F58}.Debug|x86.ActiveCfg = Debug|Win32
		{FCF45529-BE23-41E1-9626-FD7995FC9F58}.Debug|x86.Build.0 = Debug|Win32
		{FCF45529-BE23-41E1-9626-FD7995FC9F58}.Release|x64.ActiveCfg = Release|x64
		{FCF45529-BE23-41E1-9626-FD7995FC9F58}.Release|x64.Build.0 = Release|x64
		{FCF45529-BE23-41E1-9626-FD7995FC9F58}.Release|x86.ActiveCfg = Release|Win32
		{FCF45529-BE23-41E1-9626-FD7995FC9F58}.Release|x86.Build.0 = Release|Win32
		{565D42C5-E7D2-439D-AA81-759D22BE249A}.Debug|x64.ActiveCfg = Debug|x64
		{565D42C5-E7D2-439D-AA81-759D22BE249A}.Debug|x64.Build.0 = Debug|x64
		{565D42C5-E7D2-439D-AA81-759D22BE249A}.Debug|x86.ActiveCfg = Debug|Win32
		{565D42C5-E7D2-439D-AA81-759D22BE249A}.Debug|x86.Build.0 = Debug|Win32
		{565D42C5-E7D2-439D-AA81-759D22BE249A}.Release|x64.ActiveCfg = Release|x64
		{565D42C5-E7D2-439D-AA81-759D22BE249A}.Release|x64.Build.0 = Release|x64
		{565D42C5-E7D2-439D-AA81-759D22BE249A}.Release|x86.ActiveCfg = Release|Win32
		{565D42C5-E7D2-439D-AA81-759D22BE249A}.Release|x86.Build.0 = Release|Win32
		{AD473B09-0AFA-4A6B-865D-8C9B7D5186E7}.Debug|x64.ActiveCfg = Debug|x64
		{AD473B09-0AFA-4A6B-865D-8C9B7D5186E7}.Debug|x64.Build.0 = Debug|x64
		{AD473B09-0AFA-4A6B-865D-8C9B7D5186E7}.Debug|x86.ActiveCfg = Debug|Win32
		{AD473B09-0AFA-4A6B-865D-8C9B7D5186E7}.Debug|x86.Build.0 = Debug|Win32
		{AD473B09-0AFA-4A6B-865D-8C9B7D5186E7}.Release|x64.ActiveCfg = Release|x64
		{AD473B09-0AFA-4A6B-865D-8C9B7D5186E7}.Release|x64.Build.0 = Release|x64
		{AD473B09-0AFA-4A6B-865D-8C9B7D5186E7}.Release|x86.ActiveCfg = Release|Win32
		{AD473B09-0AFA-4A6B-865D-8C9B7D5186E7}.Release|x86.Build.0 = Release|Win32
		{3F4E08D6-1B05-47CE-B0C5-04847461BBDD}.Debug|x64.ActiveCfg = Debug|x64
		{3F4E08D6-1B05-47CE-B0C5-04847461BBDD}.Debug|x64.Build.0 = Debug|x64
		{3F4E08D6-1B05-47CE-B0C5-04847461BBDD}.Debug|x86.ActiveCfg = Debug|Win32
		{3F4E08D6-1B05-47CE-B0C5-04847461BBDD}.Debug|x86.Build.0 = Debug|Win32
		{3F4E08D6-1B05-47CE-B0C5-04847461BBDD}.Release|x64.ActiveCfg = Release|x64
		{3F4E08D6-1B05-47CE-B0C5-04847461BBDD}.Release|x64.Build.0 = Release|x64
		{3F4E08D6-1B05-47CE-B0C5-04847461BBDD}.Release|x86.ActiveCfg = Release|Win32
		{3F4E08D6-1B05-47CE-B0C5-04847461BBDD}.Release|x86.Build.0 = Release|Win32
	EndGlobalSection
	GlobalSection(SolutionProperties) = preSolution
		HideSolutionNode = FALSE
	EndGlobalSection
EndGlobal
