
Microsoft Visual Studio Solution File, Format Version 12.00
# Visual Studio 15
VisualStudioVersion = 15.0.26430.14
MinimumVisualStudioVersion = 10.0.40219.1
Project("{8BC9CEB8-8B4A-11D0-8D11-00A0C91BC942}") = "exam1", "exam1\exam1.vcxproj", "{604765D5-08D8-4840-A148-6140A670127B}"
EndProject
Project("{8BC9CEB8-8B4A-11D0-8D11-00A0C91BC942}") = "exam2", "exam2\exam2.vcxproj", "{D5850342-C29D-45EC-AA4B-889A57C46FDE}"
EndProject
Project("{8BC9CEB8-8B4A-11D0-8D11-00A0C91BC942}") = "exam3", "exam3\exam3.vcxproj", "{926943E6-B0F6-4BC3-AC4F-62CA6A2F2E18}"
EndProject
Project("{8BC9CEB8-8B4A-11D0-8D11-00A0C91BC942}") = "exam4", "exam4\exam4.vcxproj", "{ABC3BB4E-7AD7-4492-955D-645B766BC184}"
EndProject
Project("{8BC9CEB8-8B4A-11D0-8D11-00A0C91BC942}") = "exam5", "exam5\exam5.vcxproj", "{BD3C73D4-3DB6-4F4C-AD26-E6C71EF94B4F}"
EndProject
Project("{8BC9CEB8-8B4A-11D0-8D11-00A0C91BC942}") = "exam6", "exam6\exam6.vcxproj", "{B1EC6ED2-4066-4800-9EC1-27381E2D135E}"
EndProject
Project("{8BC9CEB8-8B4A-11D0-8D11-00A0C91BC942}") = "exam7", "exam7\exam7.vcxproj", "{10FBEC7D-1C3F-4FC7-A7B5-8B25E2D42B30}"
EndProject
Project("{8BC9CEB8-8B4A-11D0-8D11-00A0C91BC942}") = "exam8", "exam8\exam8.vcxproj", "{6F9B207D-593A-4507-8983-B89D8628F168}"
EndProject
Project("{8BC9CEB8-8B4A-11D0-8D11-00A0C91BC942}") = "exam9", "exam9\exam9.vcxproj", "{8D150F82-E83A-4278-87E8-91401229A6D6}"
EndProject
Global
	GlobalSection(SolutionConfigurationPlatforms) = preSolution
		Debug|x64 = Debug|x64
		Debug|x86 = Debug|x86
		Release|x64 = Release|x64
		Release|x86 = Release|x86
	EndGlobalSection
	GlobalSection(ProjectConfigurationPlatforms) = postSolution
		{604765D5-08D8-4840-A148-6140A670127B}.Debug|x64.ActiveCfg = Debug|x64
		{604765D5-08D8-4840-A148-6140A670127B}.Debug|x64.Build.0 = Debug|x64
		{604765D5-08D8-4840-A148-6140A670127B}.Debug|x86.ActiveCfg = Debug|Win32
		{604765D5-08D8-4840-A148-6140A670127B}.Debug|x86.Build.0 = Debug|Win32
		{604765D5-08D8-4840-A148-6140A670127B}.Release|x64.ActiveCfg = Release|x64
		{604765D5-08D8-4840-A148-6140A670127B}.Release|x64.Build.0 = Release|x64
		{604765D5-08D8-4840-A148-6140A670127B}.Release|x86.ActiveCfg = Release|Win32
		{604765D5-08D8-4840-A148-6140A670127B}.Release|x86.Build.0 = Release|Win32
		{D5850342-C29D-45EC-AA4B-889A57C46FDE}.Debug|x64.ActiveCfg = Debug|x64
		{D5850342-C29D-45EC-AA4B-889A57C46FDE}.Debug|x64.Build.0 = Debug|x64
		{D5850342-C29D-45EC-AA4B-889A57C46FDE}.Debug|x86.ActiveCfg = Debug|Win32
		{D5850342-C29D-45EC-AA4B-889A57C46FDE}.Debug|x86.Build.0 = Debug|Win32
		{D5850342-C29D-45EC-AA4B-889A57C46FDE}.Release|x64.ActiveCfg = Release|x64
		{D5850342-C29D-45EC-AA4B-889A57C46FDE}.Release|x64.Build.0 = Release|x64
		{D5850342-C29D-45EC-AA4B-889A57C46FDE}.Release|x86.ActiveCfg = Release|Win32
		{D5850342-C29D-45EC-AA4B-889A57C46FDE}.Release|x86.Build.0 = Release|Win32
		{926943E6-B0F6-4BC3-AC4F-62CA6A2F2E18}.Debug|x64.ActiveCfg = Debug|x64
		{926943E6-B0F6-4BC3-AC4F-62CA6A2F2E18}.Debug|x64.Build.0 = Debug|x64
		{926943E6-B0F6-4BC3-AC4F-62CA6A2F2E18}.Debug|x86.ActiveCfg = Debug|Win32
		{926943E6-B0F6-4BC3-AC4F-62CA6A2F2E18}.Debug|x86.Build.0 = Debug|Win32
		{926943E6-B0F6-4BC3-AC4F-62CA6A2F2E18}.Release|x64.ActiveCfg = Release|x64
		{926943E6-B0F6-4BC3-AC4F-62CA6A2F2E18}.Release|x64.Build.0 = Release|x64
		{926943E6-B0F6-4BC3-AC4F-62CA6A2F2E18}.Release|x86.ActiveCfg = Release|Win32
		{926943E6-B0F6-4BC3-AC4F-62CA6A2F2E18}.Release|x86.Build.0 = Release|Win32
		{ABC3BB4E-7AD7-4492-955D-645B766BC184}.Debug|x64.ActiveCfg = Debug|x64
		{ABC3BB4E-7AD7-4492-955D-645B766BC184}.Debug|x64.Build.0 = Debug|x64
		{ABC3BB4E-7AD7-4492-955D-645B766BC184}.Debug|x86.ActiveCfg = Debug|Win32
		{ABC3BB4E-7AD7-4492-955D-645B766BC184}.Debug|x86.Build.0 = Debug|Win32
		{ABC3BB4E-7AD7-4492-955D-645B766BC184}.Release|x64.ActiveCfg = Release|x64
		{ABC3BB4E-7AD7-4492-955D-645B766BC184}.Release|x64.Build.0 = Release|x64
		{ABC3BB4E-7AD7-4492-955D-645B766BC184}.Release|x86.ActiveCfg = Release|Win32
		{ABC3BB4E-7AD7-4492-955D-645B766BC184}.Release|x86.Build.0 = Release|Win32
		{BD3C73D4-3DB6-4F4C-AD26-E6C71EF94B4F}.Debug|x64.ActiveCfg = Debug|x64
		{BD3C73D4-3DB6-4F4C-AD26-E6C71EF94B4F}.Debug|x64.Build.0 = Debug|x64
		{BD3C73D4-3DB6-4F4C-AD26-E6C71EF94B4F}.Debug|x86.ActiveCfg = Debug|Win32
		{BD3C73D4-3DB6-4F4C-AD26-E6C71EF94B4F}.Debug|x86.Build.0 = Debug|Win32
		{BD3C73D4-3DB6-4F4C-AD26-E6C71EF94B4F}.Release|x64.ActiveCfg = Release|x64
		{BD3C73D4-3DB6-4F4C-AD26-E6C71EF94B4F}.Release|x64.Build.0 = Release|x64
		{BD3C73D4-3DB6-4F4C-AD26-E6C71EF94B4F}.Release|x86.ActiveCfg = Release|Win32
		{BD3C73D4-3DB6-4F4C-AD26-E6C71EF94B4F}.Release|x86.Build.0 = Release|Win32
		{B1EC6ED2-4066-4800-9EC1-27381E2D135E}.Debug|x64.ActiveCfg = Debug|x64
		{B1EC6ED2-4066-4800-9EC1-27381E2D135E}.Debug|x64.Build.0 = Debug|x64
		{B1EC6ED2-4066-4800-9EC1-27381E2D135E}.Debug|x86.ActiveCfg = Debug|Win32
		{B1EC6ED2-4066-4800-9EC1-27381E2D135E}.Debug|x86.Build.0 = Debug|Win32
		{B1EC6ED2-4066-4800-9EC1-27381E2D135E}.Release|x64.ActiveCfg = Release|x64
		{B1EC6ED2-4066-4800-9EC1-27381E2D135E}.Release|x64.Build.0 = Release|x64
		{B1EC6ED2-4066-4800-9EC1-27381E2D135E}.Release|x86.ActiveCfg = Release|Win32
		{B1EC6ED2-4066-4800-9EC1-27381E2D135E}.Release|x86.Build.0 = Release|Win32
		{10FBEC7D-1C3F-4FC7-A7B5-8B25E2D42B30}.Debug|x64.ActiveCfg = Debug|x64
		{10FBEC7D-1C3F-4FC7-A7B5-8B25E2D42B30}.Debug|x64.Build.0 = Debug|x64
		{10FBEC7D-1C3F-4FC7-A7B5-8B25E2D42B30}.Debug|x86.ActiveCfg = Debug|Win32
		{10FBEC7D-1C3F-4FC7-A7B5-8B25E2D42B30}.Debug|x86.Build.0 = Debug|Win32
		{10FBEC7D-1C3F-4FC7-A7B5-8B25E2D42B30}.Release|x64.ActiveCfg = Release|x64
		{10FBEC7D-1C3F-4FC7-A7B5-8B25E2D42B30}.Release|x64.Build.0 = Release|x64
		{10FBEC7D-1C3F-4FC7-A7B5-8B25E2D42B30}.Release|x86.ActiveCfg = Release|Win32
		{10FBEC7D-1C3F-4FC7-A7B5-8B25E2D42B30}.Release|x86.Build.0 = Release|Win32
		{6F9B207D-593A-4507-8983-B89D8628F168}.Debug|x64.ActiveCfg = Debug|x64
		{6F9B207D-593A-4507-8983-B89D8628F168}.Debug|x64.Build.0 = Debug|x64
		{6F9B207D-593A-4507-8983-B89D8628F168}.Debug|x86.ActiveCfg = Debug|Win32
		{6F9B207D-593A-4507-8983-B89D8628F168}.Debug|x86.Build.0 = Debug|Win32
		{6F9B207D-593A-4507-8983-B89D8628F168}.Release|x64.ActiveCfg = Release|x64
		{6F9B207D-593A-4507-8983-B89D8628F168}.Release|x64.Build.0 = Release|x64
		{6F9B207D-593A-4507-8983-B89D8628F168}.Release|x86.ActiveCfg = Release|Win32
		{6F9B207D-593A-4507-8983-B89D8628F168}.Release|x86.Build.0 = Release|Win32
		{8D150F82-E83A-4278-87E8-91401229A6D6}.Debug|x64.ActiveCfg = Debug|x64
		{8D150F82-E83A-4278-87E8-91401229A6D6}.Debug|x64.Build.0 = Debug|x64
		{8D150F82-E83A-4278-87E8-91401229A6D6}.Debug|x86.ActiveCfg = Debug|Win32
		{8D150F82-E83A-4278-87E8-91401229A6D6}.Debug|x86.Build.0 = Debug|Win32
		{8D150F82-E83A-4278-87E8-91401229A6D6}.Release|x64.ActiveCfg = Release|x64
		{8D150F82-E83A-4278-87E8-91401229A6D6}.Release|x64.Build.0 = Release|x64
		{8D150F82-E83A-4278-87E8-91401229A6D6}.Release|x86.ActiveCfg = Release|Win32
		{8D150F82-E83A-4278-87E8-91401229A6D6}.Release|x86.Build.0 = Release|Win32
	EndGlobalSection
	GlobalSection(SolutionProperties) = preSolution
		HideSolutionNode = FALSE
	EndGlobalSection
EndGlobal
