
Microsoft Visual Studio Solution File, Format Version 12.00
# Visual Studio 15
VisualStudioVersion = 15.0.26430.14
MinimumVisualStudioVersion = 10.0.40219.1
Project("{8BC9CEB8-8B4A-11D0-8D11-00A0C91BC942}") = "exam1", "exam1\exam1.vcxproj", "{D618FFF8-54DB-4FA1-931D-B5D58B46561D}"
EndProject
Project("{8BC9CEB8-8B4A-11D0-8D11-00A0C91BC942}") = "exam2", "exam2\exam2.vcxproj", "{F58A9518-DA18-42F7-86B9-E04DD4792EBE}"
EndProject
Project("{8BC9CEB8-8B4A-11D0-8D11-00A0C91BC942}") = "exam3", "exam3\exam3.vcxproj", "{2C1393F5-057C-4323-835D-0E8D8488C6F8}"
EndProject
Project("{8BC9CEB8-8B4A-11D0-8D11-00A0C91BC942}") = "exam4", "exam4\exam4.vcxproj", "{6A97EEB8-BA0C-440A-806E-8727A52D76D2}"
EndProject
Project("{8BC9CEB8-8B4A-11D0-8D11-00A0C91BC942}") = "exam5", "exam5\exam5.vcxproj", "{4E2E88B0-E965-47AF-98D0-3D2D8FE27C88}"
EndProject
Project("{8BC9CEB8-8B4A-11D0-8D11-00A0C91BC942}") = "exam6", "exam6\exam6.vcxproj", "{B0A89850-1932-43B7-9F37-549943DA575B}"
EndProject
Project("{8BC9CEB8-8B4A-11D0-8D11-00A0C91BC942}") = "exam7", "exam7\exam7.vcxproj", "{A6A7A009-0D36-4F81-A372-C067A80347FB}"
EndProject
Project("{8BC9CEB8-8B4A-11D0-8D11-00A0C91BC942}") = "exam8", "exam8\exam8.vcxproj", "{6C01DCC4-F58A-4062-B93A-5EAB630670BC}"
EndProject
Project("{8BC9CEB8-8B4A-11D0-8D11-00A0C91BC942}") = "exam9", "exam9\exam9.vcxproj", "{7ED17DD1-2C44-4D39-A09E-3943547FFB1B}"
EndProject
Project("{8BC9CEB8-8B4A-11D0-8D11-00A0C91BC942}") = "exam10", "exam10\exam10.vcxproj", "{A184F2E9-99CB-4EBA-B6C0-BCD4BAA2B297}"
EndProject
Project("{8BC9CEB8-8B4A-11D0-8D11-00A0C91BC942}") = "exam11", "exam11\exam11.vcxproj", "{A867B5E2-0FCA-4EC9-8826-2DB7D4C7BEC2}"
EndProject
Global
	GlobalSection(SolutionConfigurationPlatforms) = preSolution
		Debug|x64 = Debug|x64
		Debug|x86 = Debug|x86
		Release|x64 = Release|x64
		Release|x86 = Release|x86
	EndGlobalSection
	GlobalSection(ProjectConfigurationPlatforms) = postSolution
		{D618FFF8-54DB-4FA1-931D-B5D58B46561D}.Debug|x64.ActiveCfg = Debug|x64
		{D618FFF8-54DB-4FA1-931D-B5D58B46561D}.Debug|x64.Build.0 = Debug|x64
		{D618FFF8-54DB-4FA1-931D-B5D58B46561D}.Debug|x86.ActiveCfg = Debug|Win32
		{D618FFF8-54DB-4FA1-931D-B5D58B46561D}.Debug|x86.Build.0 = Debug|Win32
		{D618FFF8-54DB-4FA1-931D-B5D58B46561D}.Release|x64.ActiveCfg = Release|x64
		{D618FFF8-54DB-4FA1-931D-B5D58B46561D}.Release|x64.Build.0 = Release|x64
		{D618FFF8-54DB-4FA1-931D-B5D58B46561D}.Release|x86.ActiveCfg = Release|Win32
		{D618FFF8-54DB-4FA1-931D-B5D58B46561D}.Release|x86.Build.0 = Release|Win32
		{F58A9518-DA18-42F7-86B9-E04DD4792EBE}.Debug|x64.ActiveCfg = Debug|x64
		{F58A9518-DA18-42F7-86B9-E04DD4792EBE}.Debug|x64.Build.0 = Debug|x64
		{F58A9518-DA18-42F7-86B9-E04DD4792EBE}.Debug|x86.ActiveCfg = Debug|Win32
		{F58A9518-DA18-42F7-86B9-E04DD4792EBE}.Debug|x86.Build.0 = Debug|Win32
		{F58A9518-DA18-42F7-86B9-E04DD4792EBE}.Release|x64.ActiveCfg = Release|x64
		{F58A9518-DA18-42F7-86B9-E04DD4792EBE}.Release|x64.Build.0 = Release|x64
		{F58A9518-DA18-42F7-86B9-E04DD4792EBE}.Release|x86.ActiveCfg = Release|Win32
		{F58A9518-DA18-42F7-86B9-E04DD4792EBE}.Release|x86.Build.0 = Release|Win32
		{2C1393F5-057C-4323-835D-0E8D8488C6F8}.Debug|x64.ActiveCfg = Debug|x64
		{2C1393F5-057C-4323-835D-0E8D8488C6F8}.Debug|x64.Build.0 = Debug|x64
		{2C1393F5-057C-4323-835D-0E8D8488C6F8}.Debug|x86.ActiveCfg = Debug|Win32
		{2C1393F5-057C-4323-835D-0E8D8488C6F8}.Debug|x86.Build.0 = Debug|Win32
		{2C1393F5-057C-4323-835D-0E8D8488C6F8}.Release|x64.ActiveCfg = Release|x64
		{2C1393F5-057C-4323-835D-0E8D8488C6F8}.Release|x64.Build.0 = Release|x64
		{2C1393F5-057C-4323-835D-0E8D8488C6F8}.Release|x86.ActiveCfg = Release|Win32
		{2C1393F5-057C-4323-835D-0E8D8488C6F8}.Release|x86.Build.0 = Release|Win32
		{6A97EEB8-BA0C-440A-806E-8727A52D76D2}.Debug|x64.ActiveCfg = Debug|x64
		{6A97EEB8-BA0C-440A-806E-8727A52D76D2}.Debug|x64.Build.0 = Debug|x64
		{6A97EEB8-BA0C-440A-806E-8727A52D76D2}.Debug|x86.ActiveCfg = Debug|Win32
		{6A97EEB8-BA0C-440A-806E-8727A52D76D2}.Debug|x86.Build.0 = Debug|Win32
		{6A97EEB8-BA0C-440A-806E-8727A52D76D2}.Release|x64.ActiveCfg = Release|x64
		{6A97EEB8-BA0C-440A-806E-8727A52D76D2}.Release|x64.Build.0 = Release|x64
		{6A97EEB8-BA0C-440A-806E-8727A52D76D2}.Release|x86.ActiveCfg = Release|Win32
		{6A97EEB8-BA0C-440A-806E-8727A52D76D2}.Release|x86.Build.0 = Release|Win32
		{4E2E88B0-E965-47AF-98D0-3D2D8FE27C88}.Debug|x64.ActiveCfg = Debug|x64
		{4E2E88B0-E965-47AF-98D0-3D2D8FE27C88}.Debug|x64.Build.0 = Debug|x64
		{4E2E88B0-E965-47AF-98D0-3D2D8FE27C88}.Debug|x86.ActiveCfg = Debug|Win32
		{4E2E88B0-E965-47AF-98D0-3D2D8FE27C88}.Debug|x86.Build.0 = Debug|Win32
		{4E2E88B0-E965-47AF-98D0-3D2D8FE27C88}.Release|x64.ActiveCfg = Release|x64
		{4E2E88B0-E965-47AF-98D0-3D2D8FE27C88}.Release|x64.Build.0 = Release|x64
		{4E2E88B0-E965-47AF-98D0-3D2D8FE27C88}.Release|x86.ActiveCfg = Release|Win32
		{4E2E88B0-E965-47AF-98D0-3D2D8FE27C88}.Release|x86.Build.0 = Release|Win32
		{B0A89850-1932-43B7-9F37-549943DA575B}.Debug|x64.ActiveCfg = Debug|x64
		{B0A89850-1932-43B7-9F37-549943DA575B}.Debug|x64.Build.0 = Debug|x64
		{B0A89850-1932-43B7-9F37-549943DA575B}.Debug|x86.ActiveCfg = Debug|Win32
		{B0A89850-1932-43B7-9F37-549943DA575B}.Debug|x86.Build.0 = Debug|Win32
		{B0A89850-1932-43B7-9F37-549943DA575B}.Release|x64.ActiveCfg = Release|x64
		{B0A89850-1932-43B7-9F37-549943DA575B}.Release|x64.Build.0 = Release|x64
		{B0A89850-1932-43B7-9F37-549943DA575B}.Release|x86.ActiveCfg = Release|Win32
		{B0A89850-1932-43B7-9F37-549943DA575B}.Release|x86.Build.0 = Release|Win32
		{A6A7A009-0D36-4F81-A372-C067A80347FB}.Debug|x64.ActiveCfg = Debug|x64
		{A6A7A009-0D36-4F81-A372-C067A80347FB}.Debug|x64.Build.0 = Debug|x64
		{A6A7A009-0D36-4F81-A372-C067A80347FB}.Debug|x86.ActiveCfg = Debug|Win32
		{A6A7A009-0D36-4F81-A372-C067A80347FB}.Debug|x86.Build.0 = Debug|Win32
		{A6A7A009-0D36-4F81-A372-C067A80347FB}.Release|x64.ActiveCfg = Release|x64
		{A6A7A009-0D36-4F81-A372-C067A80347FB}.Release|x64.Build.0 = Release|x64
		{A6A7A009-0D36-4F81-A372-C067A80347FB}.Release|x86.ActiveCfg = Release|Win32
		{A6A7A009-0D36-4F81-A372-C067A80347FB}.Release|x86.Build.0 = Release|Win32
		{6C01DCC4-F58A-4062-B93A-5EAB630670BC}.Debug|x64.ActiveCfg = Debug|x64
		{6C01DCC4-F58A-4062-B93A-5EAB630670BC}.Debug|x64.Build.0 = Debug|x64
		{6C01DCC4-F58A-4062-B93A-5EAB630670BC}.Debug|x86.ActiveCfg = Debug|Win32
		{6C01DCC4-F58A-4062-B93A-5EAB630670BC}.Debug|x86.Build.0 = Debug|Win32
		{6C01DCC4-F58A-4062-B93A-5EAB630670BC}.Release|x64.ActiveCfg = Release|x64
		{6C01DCC4-F58A-4062-B93A-5EAB630670BC}.Release|x64.Build.0 = Release|x64
		{6C01DCC4-F58A-4062-B93A-5EAB630670BC}.Release|x86.ActiveCfg = Release|Win32
		{6C01DCC4-F58A-4062-B93A-5EAB630670BC}.Release|x86.Build.0 = Release|Win32
		{7ED17DD1-2C44-4D39-A09E-3943547FFB1B}.Debug|x64.ActiveCfg = Debug|x64
		{7ED17DD1-2C44-4D39-A09E-3943547FFB1B}.Debug|x64.Build.0 = Debug|x64
		{7ED17DD1-2C44-4D39-A09E-3943547FFB1B}.Debug|x86.ActiveCfg = Debug|Win32
		{7ED17DD1-2C44-4D39-A09E-3943547FFB1B}.Debug|x86.Build.0 = Debug|Win32
		{7ED17DD1-2C44-4D39-A09E-3943547FFB1B}.Release|x64.ActiveCfg = Release|x64
		{7ED17DD1-2C44-4D39-A09E-3943547FFB1B}.Release|x64.Build.0 = Release|x64
		{7ED17DD1-2C44-4D39-A09E-3943547FFB1B}.Release|x86.ActiveCfg = Release|Win32
		{7ED17DD1-2C44-4D39-A09E-3943547FFB1B}.Release|x86.Build.0 = Release|Win32
		{A184F2E9-99CB-4EBA-B6C0-BCD4BAA2B297}.Debug|x64.ActiveCfg = Debug|x64
		{A184F2E9-99CB-4EBA-B6C0-BCD4BAA2B297}.Debug|x64.Build.0 = Debug|x64
		{A184F2E9-99CB-4EBA-B6C0-BCD4BAA2B297}.Debug|x86.ActiveCfg = Debug|Win32
		{A184F2E9-99CB-4EBA-B6C0-BCD4BAA2B297}.Debug|x86.Build.0 = Debug|Win32
		{A184F2E9-99CB-4EBA-B6C0-BCD4BAA2B297}.Release|x64.ActiveCfg = Release|x64
		{A184F2E9-99CB-4EBA-B6C0-BCD4BAA2B297}.Release|x64.Build.0 = Release|x64
		{A184F2E9-99CB-4EBA-B6C0-BCD4BAA2B297}.Release|x86.ActiveCfg = Release|Win32
		{A184F2E9-99CB-4EBA-B6C0-BCD4BAA2B297}.Release|x86.Build.0 = Release|Win32
		{A867B5E2-0FCA-4EC9-8826-2DB7D4C7BEC2}.Debug|x64.ActiveCfg = Debug|x64
		{A867B5E2-0FCA-4EC9-8826-2DB7D4C7BEC2}.Debug|x64.Build.0 = Debug|x64
		{A867B5E2-0FCA-4EC9-8826-2DB7D4C7BEC2}.Debug|x86.ActiveCfg = Debug|Win32
		{A867B5E2-0FCA-4EC9-8826-2DB7D4C7BEC2}.Debug|x86.Build.0 = Debug|Win32
		{A867B5E2-0FCA-4EC9-8826-2DB7D4C7BEC2}.Release|x64.ActiveCfg = Release|x64
		{A867B5E2-0FCA-4EC9-8826-2DB7D4C7BEC2}.Release|x64.Build.0 = Release|x64
		{A867B5E2-0FCA-4EC9-8826-2DB7D4C7BEC2}.Release|x86.ActiveCfg = Release|Win32
		{A867B5E2-0FCA-4EC9-8826-2DB7D4C7BEC2}.Release|x86.Build.0 = Release|Win32
	EndGlobalSection
	GlobalSection(SolutionProperties) = preSolution
		HideSolutionNode = FALSE
	EndGlobalSection
EndGlobal
