
Microsoft Visual Studio Solution File, Format Version 12.00
# Visual Studio 15
VisualStudioVersion = 15.0.26430.14
MinimumVisualStudioVersion = 10.0.40219.1
Project("{8BC9CEB8-8B4A-11D0-8D11-00A0C91BC942}") = "exam1", "exam1\exam1.vcxproj", "{066D99FC-3E18-4236-AE1F-63961DDB5230}"
EndProject
Project("{8BC9CEB8-8B4A-11D0-8D11-00A0C91BC942}") = "exam2", "exam2\exam2.vcxproj", "{40306E83-0900-4023-9DEA-4F616EB59739}"
EndProject
Project("{8BC9CEB8-8B4A-11D0-8D11-00A0C91BC942}") = "exam3", "exam3\exam3.vcxproj", "{F16CB461-ADF6-46AB-83FF-2720BA46892E}"
EndProject
Project("{8BC9CEB8-8B4A-11D0-8D11-00A0C91BC942}") = "exam4", "exam4\exam4.vcxproj", "{F9B73AF5-11AB-4B36-A963-56DB5465AEAF}"
EndProject
Project("{8BC9CEB8-8B4A-11D0-8D11-00A0C91BC942}") = "exam5", "exam5\exam5.vcxproj", "{EEA60B22-FED9-478B-BF2B-ACF5A75B86A9}"
EndProject
Project("{8BC9CEB8-8B4A-11D0-8D11-00A0C91BC942}") = "exam6", "exam6\exam6.vcxproj", "{686F2F36-8629-4D99-82FF-8E39773196A8}"
EndProject
Project("{8BC9CEB8-8B4A-11D0-8D11-00A0C91BC942}") = "exam7", "exam7\exam7.vcxproj", "{1B27A89A-39D6-4C3B-8E7F-323B465C5159}"
EndProject
Project("{8BC9CEB8-8B4A-11D0-8D11-00A0C91BC942}") = "exam8", "exam8\exam8.vcxproj", "{F2A00EB6-16D2-4DBB-A82D-97B497750CC3}"
EndProject
Project("{8BC9CEB8-8B4A-11D0-8D11-00A0C91BC942}") = "exam9", "exam9\exam9.vcxproj", "{B20E0CFA-7BB0-4DEC-B059-6D27E3527509}"
EndProject
Project("{8BC9CEB8-8B4A-11D0-8D11-00A0C91BC942}") = "exam10", "exam10\exam10.vcxproj", "{EC21C923-176B-4EF4-93FB-CA4062730561}"
EndProject
Project("{8BC9CEB8-8B4A-11D0-8D11-00A0C91BC942}") = "exam11", "exam11\exam11.vcxproj", "{648DA6C4-D26B-4F97-AFF7-ED6ECCEFCE90}"
EndProject
Project("{8BC9CEB8-8B4A-11D0-8D11-00A0C91BC942}") = "exam12", "exam12\exam12.vcxproj", "{8E96362F-54E9-4600-B902-B90C0F9B6AC4}"
EndProject
Global
	GlobalSection(SolutionConfigurationPlatforms) = preSolution
		Debug|x64 = Debug|x64
		Debug|x86 = Debug|x86
		Release|x64 = Release|x64
		Release|x86 = Release|x86
	EndGlobalSection
	GlobalSection(ProjectConfigurationPlatforms) = postSolution
		{066D99FC-3E18-4236-AE1F-63961DDB5230}.Debug|x64.ActiveCfg = Debug|x64
		{066D99FC-3E18-4236-AE1F-63961DDB5230}.Debug|x64.Build.0 = Debug|x64
		{066D99FC-3E18-4236-AE1F-63961DDB5230}.Debug|x86.ActiveCfg = Debug|Win32
		{066D99FC-3E18-4236-AE1F-63961DDB5230}.Debug|x86.Build.0 = Debug|Win32
		{066D99FC-3E18-4236-AE1F-63961DDB5230}.Release|x64.ActiveCfg = Release|x64
		{066D99FC-3E18-4236-AE1F-63961DDB5230}.Release|x64.Build.0 = Release|x64
		{066D99FC-3E18-4236-AE1F-63961DDB5230}.Release|x86.ActiveCfg = Release|Win32
		{066D99FC-3E18-4236-AE1F-63961DDB5230}.Release|x86.Build.0 = Release|Win32
		{40306E83-0900-4023-9DEA-4F616EB59739}.Debug|x64.ActiveCfg = Debug|x64
		{40306E83-0900-4023-9DEA-4F616EB59739}.Debug|x64.Build.0 = Debug|x64
		{40306E83-0900-4023-9DEA-4F616EB59739}.Debug|x86.ActiveCfg = Debug|Win32
		{40306E83-0900-4023-9DEA-4F616EB59739}.Debug|x86.Build.0 = Debug|Win32
		{40306E83-0900-4023-9DEA-4F616EB59739}.Release|x64.ActiveCfg = Release|x64
		{40306E83-0900-4023-9DEA-4F616EB59739}.Release|x64.Build.0 = Release|x64
		{40306E83-0900-4023-9DEA-4F616EB59739}.Release|x86.ActiveCfg = Release|Win32
		{40306E83-0900-4023-9DEA-4F616EB59739}.Release|x86.Build.0 = Release|Win32
		{F16CB461-ADF6-46AB-83FF-2720BA46892E}.Debug|x64.ActiveCfg = Debug|x64
		{F16CB461-ADF6-46AB-83FF-2720BA46892E}.Debug|x64.Build.0 = Debug|x64
		{F16CB461-ADF6-46AB-83FF-2720BA46892E}.Debug|x86.ActiveCfg = Debug|Win32
		{F16CB461-ADF6-46AB-83FF-2720BA46892E}.Debug|x86.Build.0 = Debug|Win32
		{F16CB461-ADF6-46AB-83FF-2720BA46892E}.Release|x64.ActiveCfg = Release|x64
		{F16CB461-ADF6-46AB-83FF-2720BA46892E}.Release|x64.Build.0 = Release|x64
		{F16CB461-ADF6-46AB-83FF-2720BA46892E}.Release|x86.ActiveCfg = Release|Win32
		{F16CB461-ADF6-46AB-83FF-2720BA46892E}.Release|x86.Build.0 = Release|Win32
		{F9B73AF5-11AB-4B36-A963-56DB5465AEAF}.Debug|x64.ActiveCfg = Debug|x64
		{F9B73AF5-11AB-4B36-A963-56DB5465AEAF}.Debug|x64.Build.0 = Debug|x64
		{F9B73AF5-11AB-4B36-A963-56DB5465AEAF}.Debug|x86.ActiveCfg = Debug|Win32
		{F9B73AF5-11AB-4B36-A963-56DB5465AEAF}.Debug|x86.Build.0 = Debug|Win32
		{F9B73AF5-11AB-4B36-A963-56DB5465AEAF}.Release|x64.ActiveCfg = Release|x64
		{F9B73AF5-11AB-4B36-A963-56DB5465AEAF}.Release|x64.Build.0 = Release|x64
		{F9B73AF5-11AB-4B36-A963-56DB5465AEAF}.Release|x86.ActiveCfg = Release|Win32
		{F9B73AF5-11AB-4B36-A963-56DB5465AEAF}.Release|x86.Build.0 = Release|Win32
		{EEA60B22-FED9-478B-BF2B-ACF5A75B86A9}.Debug|x64.ActiveCfg = Debug|x64
		{EEA60B22-FED9-478B-BF2B-ACF5A75B86A9}.Debug|x64.Build.0 = Debug|x64
		{EEA60B22-FED9-478B-BF2B-ACF5A75B86A9}.Debug|x86.ActiveCfg = Debug|Win32
		{EEA60B22-FED9-478B-BF2B-ACF5A75B86A9}.Debug|x86.Build.0 = Debug|Win32
		{EEA60B22-FED9-478B-BF2B-ACF5A75B86A9}.Release|x64.ActiveCfg = Release|x64
		{EEA60B22-FED9-478B-BF2B-ACF5A75B86A9}.Release|x64.Build.0 = Release|x64
		{EEA60B22-FED9-478B-BF2B-ACF5A75B86A9}.Release|x86.ActiveCfg = Release|Win32
		{EEA60B22-FED9-478B-BF2B-ACF5A75B86A9}.Release|x86.Build.0 = Release|Win32
		{686F2F36-8629-4D99-82FF-8E39773196A8}.Debug|x64.ActiveCfg = Debug|x64
		{686F2F36-8629-4D99-82FF-8E39773196A8}.Debug|x64.Build.0 = Debug|x64
		{686F2F36-8629-4D99-82FF-8E39773196A8}.Debug|x86.ActiveCfg = Debug|Win32
		{686F2F36-8629-4D99-82FF-8E39773196A8}.Debug|x86.Build.0 = Debug|Win32
		{686F2F36-8629-4D99-82FF-8E39773196A8}.Release|x64.ActiveCfg = Release|x64
		{686F2F36-8629-4D99-82FF-8E39773196A8}.Release|x64.Build.0 = Release|x64
		{686F2F36-8629-4D99-82FF-8E39773196A8}.Release|x86.ActiveCfg = Release|Win32
		{686F2F36-8629-4D99-82FF-8E39773196A8}.Release|x86.Build.0 = Release|Win32
		{1B27A89A-39D6-4C3B-8E7F-323B465C5159}.Debug|x64.ActiveCfg = Debug|x64
		{1B27A89A-39D6-4C3B-8E7F-323B465C5159}.Debug|x64.Build.0 = Debug|x64
		{1B27A89A-39D6-4C3B-8E7F-323B465C5159}.Debug|x86.ActiveCfg = Debug|Win32
		{1B27A89A-39D6-4C3B-8E7F-323B465C5159}.Debug|x86.Build.0 = Debug|Win32
		{1B27A89A-39D6-4C3B-8E7F-323B465C5159}.Release|x64.ActiveCfg = Release|x64
		{1B27A89A-39D6-4C3B-8E7F-323B465C5159}.Release|x64.Build.0 = Release|x64
		{1B27A89A-39D6-4C3B-8E7F-323B465C5159}.Release|x86.ActiveCfg = Release|Win32
		{1B27A89A-39D6-4C3B-8E7F-323B465C5159}.Release|x86.Build.0 = Release|Win32
		{F2A00EB6-16D2-4DBB-A82D-97B497750CC3}.Debug|x64.ActiveCfg = Debug|x64
		{F2A00EB6-16D2-4DBB-A82D-97B497750CC3}.Debug|x64.Build.0 = Debug|x64
		{F2A00EB6-16D2-4DBB-A82D-97B497750CC3}.Debug|x86.ActiveCfg = Debug|Win32
		{F2A00EB6-16D2-4DBB-A82D-97B497750CC3}.Debug|x86.Build.0 = Debug|Win32
		{F2A00EB6-16D2-4DBB-A82D-97B497750CC3}.Release|x64.ActiveCfg = Release|x64
		{F2A00EB6-16D2-4DBB-A82D-97B497750CC3}.Release|x64.Build.0 = Release|x64
		{F2A00EB6-16D2-4DBB-A82D-97B497750CC3}.Release|x86.ActiveCfg = Release|Win32
		{F2A00EB6-16D2-4DBB-A82D-97B497750CC3}.Release|x86.Build.0 = Release|Win32
		{B20E0CFA-7BB0-4DEC-B059-6D27E3527509}.Debug|x64.ActiveCfg = Debug|x64
		{B20E0CFA-7BB0-4DEC-B059-6D27E3527509}.Debug|x64.Build.0 = Debug|x64
		{B20E0CFA-7BB0-4DEC-B059-6D27E3527509}.Debug|x86.ActiveCfg = Debug|Win32
		{B20E0CFA-7BB0-4DEC-B059-6D27E3527509}.Debug|x86.Build.0 = Debug|Win32
		{B20E0CFA-7BB0-4DEC-B059-6D27E3527509}.Release|x64.ActiveCfg = Release|x64
		{B20E0CFA-7BB0-4DEC-B059-6D27E3527509}.Release|x64.Build.0 = Release|x64
		{B20E0CFA-7BB0-4DEC-B059-6D27E3527509}.Release|x86.ActiveCfg = Release|Win32
		{B20E0CFA-7BB0-4DEC-B059-6D27E3527509}.Release|x86.Build.0 = Release|Win32
		{EC21C923-176B-4EF4-93FB-CA4062730561}.Debug|x64.ActiveCfg = Debug|x64
		{EC21C923-176B-4EF4-93FB-CA4062730561}.Debug|x64.Build.0 = Debug|x64
		{EC21C923-176B-4EF4-93FB-CA4062730561}.Debug|x86.ActiveCfg = Debug|Win32
		{EC21C923-176B-4EF4-93FB-CA4062730561}.Debug|x86.Build.0 = Debug|Win32
		{EC21C923-176B-4EF4-93FB-CA4062730561}.Release|x64.ActiveCfg = Release|x64
		{EC21C923-176B-4EF4-93FB-CA4062730561}.Release|x64.Build.0 = Release|x64
		{EC21C923-176B-4EF4-93FB-CA4062730561}.Release|x86.ActiveCfg = Release|Win32
		{EC21C923-176B-4EF4-93FB-CA4062730561}.Release|x86.Build.0 = Release|Win32
		{648DA6C4-D26B-4F97-AFF7-ED6ECCEFCE90}.Debug|x64.ActiveCfg = Debug|x64
		{648DA6C4-D26B-4F97-AFF7-ED6ECCEFCE90}.Debug|x64.Build.0 = Debug|x64
		{648DA6C4-D26B-4F97-AFF7-ED6ECCEFCE90}.Debug|x86.ActiveCfg = Debug|Win32
		{648DA6C4-D26B-4F97-AFF7-ED6ECCEFCE90}.Debug|x86.Build.0 = Debug|Win32
		{648DA6C4-D26B-4F97-AFF7-ED6ECCEFCE90}.Release|x64.ActiveCfg = Release|x64
		{648DA6C4-D26B-4F97-AFF7-ED6ECCEFCE90}.Release|x64.Build.0 = Release|x64
		{648DA6C4-D26B-4F97-AFF7-ED6ECCEFCE90}.Release|x86.ActiveCfg = Release|Win32
		{648DA6C4-D26B-4F97-AFF7-ED6ECCEFCE90}.Release|x86.Build.0 = Release|Win32
		{8E96362F-54E9-4600-B902-B90C0F9B6AC4}.Debug|x64.ActiveCfg = Debug|x64
		{8E96362F-54E9-4600-B902-B90C0F9B6AC4}.Debug|x64.Build.0 = Debug|x64
		{8E96362F-54E9-4600-B902-B90C0F9B6AC4}.Debug|x86.ActiveCfg = Debug|Win32
		{8E96362F-54E9-4600-B902-B90C0F9B6AC4}.Debug|x86.Build.0 = Debug|Win32
		{8E96362F-54E9-4600-B902-B90C0F9B6AC4}.Release|x64.ActiveCfg = Release|x64
		{8E96362F-54E9-4600-B902-B90C0F9B6AC4}.Release|x64.Build.0 = Release|x64
		{8E96362F-54E9-4600-B902-B90C0F9B6AC4}.Release|x86.ActiveCfg = Release|Win32
		{8E96362F-54E9-4600-B902-B90C0F9B6AC4}.Release|x86.Build.0 = Release|Win32
	EndGlobalSection
	GlobalSection(SolutionProperties) = preSolution
		HideSolutionNode = FALSE
	EndGlobalSection
EndGlobal
